
Microsoft Visual Studio Solution File, Format Version 12.00
# Visual Studio 15
VisualStudioVersion = 15.0.26430.14
MinimumVisualStudioVersion = 10.0.40219.1
Project("{FAE04EC0-301F-11D3-BF4B-00C04F79EFBC}") = "Roommate.Background.ConsoleHost", "Roommate.Background.ConsoleHost\Roommate.Background.ConsoleHost.csproj", "{998F759E-7BD8-46D1-B794-74DA571AA386}"
EndProject
Project("{2150E333-8FDC-42A3-9474-1A3956D46DE8}") = "IoT", "IoT", "{1B0BCE1B-C768-4CA4-8C8A-99BFC0846610}"
EndProject
Project("{2150E333-8FDC-42A3-9474-1A3956D46DE8}") = "Server", "Server", "{811F7B63-ED0D-4768-8863-CA5725C74F1B}"
EndProject
Project("{2150E333-8FDC-42A3-9474-1A3956D46DE8}") = "Tests", "Tests", "{C0D27D24-E08B-4F48-9797-5CA5257D5FAD}"
EndProject
Project("{FAE04EC0-301F-11D3-BF4B-00C04F79EFBC}") = "Roommate.Outlook.Business.Test", "Roommate.Outlook.Business.Test\Roommate.Outlook.Business.Test.csproj", "{B3C8E169-11ED-4DD1-B54C-E4DBE6F4BA85}"
EndProject
Project("{FAE04EC0-301F-11D3-BF4B-00C04F79EFBC}") = "Roommate.Business", "Roommate.Business\Roommate.Business.csproj", "{9A6FFFA1-BE41-48CB-B87B-452F57091B70}"
EndProject
Project("{FAE04EC0-301F-11D3-BF4B-00C04F79EFBC}") = "Roommate.Repository.Outlook", "Roommate.Repository.Outlook\Roommate.Repository.Outlook.csproj", "{47859FDC-CBE1-4E7A-9992-D0FDC6897E56}"
EndProject
Project("{2150E333-8FDC-42A3-9474-1A3956D46DE8}") = "Repository", "Repository", "{DD10468D-CB50-4877-B7E6-B2911543FD5A}"
EndProject
Project("{FAE04EC0-301F-11D3-BF4B-00C04F79EFBC}") = "Roommate.Application", "Roommate.Application\Roommate.Application.csproj", "{42C5EE74-FDC4-4BC6-B47F-135B9DA88A44}"
EndProject
Project("{9A19103F-16F7-4668-BE54-9A1E7A4F7556}") = "Roommate.Application.Shared", "Roommate.Application.Shared\Roommate.Application.Shared.csproj", "{3FFBD476-ACCF-4451-BEDC-67E3AE1C1D40}"
EndProject
Project("{FAE04EC0-301F-11D3-BF4B-00C04F79EFBC}") = "Roommate.IoT.Presentation", "Roommate.IoT.Presentation\Roommate.IoT.Presentation.csproj", "{DB898CC7-10F0-46D0-BC1B-F76FD71496D5}"
EndProject
Project("{FAE04EC0-301F-11D3-BF4B-00C04F79EFBC}") = "Roommate.IoT", "Roommate.IoT\Roommate.IoT.csproj", "{5EB96286-FDB5-478B-87F8-E5BF3819E17C}"
EndProject
Project("{FAE04EC0-301F-11D3-BF4B-00C04F79EFBC}") = "Roommate.Application.UnitTests", "Roommate.Application.UnitTests\Roommate.Application.UnitTests.csproj", "{A4E34120-84FE-450E-A2B1-7C5F0C575735}"
EndProject
Project("{FAE04EC0-301F-11D3-BF4B-00C04F79EFBC}") = "Roommate.Repository", "Roommate.Repository\Roommate.Repository.csproj", "{76530071-3AD3-4837-B681-B4A7DDD5613C}"
EndProject
Global
	GlobalSection(SolutionConfigurationPlatforms) = preSolution
		Debug|Any CPU = Debug|Any CPU
		Debug|ARM = Debug|ARM
		Debug|x64 = Debug|x64
		Debug|x86 = Debug|x86
		Release|Any CPU = Release|Any CPU
		Release|ARM = Release|ARM
		Release|x64 = Release|x64
		Release|x86 = Release|x86
	EndGlobalSection
	GlobalSection(ProjectConfigurationPlatforms) = postSolution
		{998F759E-7BD8-46D1-B794-74DA571AA386}.Debug|Any CPU.ActiveCfg = Debug|Any CPU
		{998F759E-7BD8-46D1-B794-74DA571AA386}.Debug|Any CPU.Build.0 = Debug|Any CPU
		{998F759E-7BD8-46D1-B794-74DA571AA386}.Debug|ARM.ActiveCfg = Debug|Any CPU
		{998F759E-7BD8-46D1-B794-74DA571AA386}.Debug|ARM.Build.0 = Debug|Any CPU
		{998F759E-7BD8-46D1-B794-74DA571AA386}.Debug|x64.ActiveCfg = Debug|Any CPU
		{998F759E-7BD8-46D1-B794-74DA571AA386}.Debug|x64.Build.0 = Debug|Any CPU
		{998F759E-7BD8-46D1-B794-74DA571AA386}.Debug|x86.ActiveCfg = Debug|Any CPU
		{998F759E-7BD8-46D1-B794-74DA571AA386}.Debug|x86.Build.0 = Debug|Any CPU
		{998F759E-7BD8-46D1-B794-74DA571AA386}.Release|Any CPU.ActiveCfg = Release|Any CPU
		{998F759E-7BD8-46D1-B794-74DA571AA386}.Release|Any CPU.Build.0 = Release|Any CPU
		{998F759E-7BD8-46D1-B794-74DA571AA386}.Release|ARM.ActiveCfg = Release|Any CPU
		{998F759E-7BD8-46D1-B794-74DA571AA386}.Release|ARM.Build.0 = Release|Any CPU
		{998F759E-7BD8-46D1-B794-74DA571AA386}.Release|x64.ActiveCfg = Release|Any CPU
		{998F759E-7BD8-46D1-B794-74DA571AA386}.Release|x64.Build.0 = Release|Any CPU
		{998F759E-7BD8-46D1-B794-74DA571AA386}.Release|x86.ActiveCfg = Release|Any CPU
		{998F759E-7BD8-46D1-B794-74DA571AA386}.Release|x86.Build.0 = Release|Any CPU
		{B3C8E169-11ED-4DD1-B54C-E4DBE6F4BA85}.Debug|Any CPU.ActiveCfg = Debug|Any CPU
		{B3C8E169-11ED-4DD1-B54C-E4DBE6F4BA85}.Debug|Any CPU.Build.0 = Debug|Any CPU
		{B3C8E169-11ED-4DD1-B54C-E4DBE6F4BA85}.Debug|ARM.ActiveCfg = Debug|Any CPU
		{B3C8E169-11ED-4DD1-B54C-E4DBE6F4BA85}.Debug|ARM.Build.0 = Debug|Any CPU
		{B3C8E169-11ED-4DD1-B54C-E4DBE6F4BA85}.Debug|x64.ActiveCfg = Debug|Any CPU
		{B3C8E169-11ED-4DD1-B54C-E4DBE6F4BA85}.Debug|x64.Build.0 = Debug|Any CPU
		{B3C8E169-11ED-4DD1-B54C-E4DBE6F4BA85}.Debug|x86.ActiveCfg = Debug|Any CPU
		{B3C8E169-11ED-4DD1-B54C-E4DBE6F4BA85}.Debug|x86.Build.0 = Debug|Any CPU
		{B3C8E169-11ED-4DD1-B54C-E4DBE6F4BA85}.Release|Any CPU.ActiveCfg = Release|Any CPU
		{B3C8E169-11ED-4DD1-B54C-E4DBE6F4BA85}.Release|Any CPU.Build.0 = Release|Any CPU
		{B3C8E169-11ED-4DD1-B54C-E4DBE6F4BA85}.Release|ARM.ActiveCfg = Release|Any CPU
		{B3C8E169-11ED-4DD1-B54C-E4DBE6F4BA85}.Release|ARM.Build.0 = Release|Any CPU
		{B3C8E169-11ED-4DD1-B54C-E4DBE6F4BA85}.Release|x64.ActiveCfg = Release|Any CPU
		{B3C8E169-11ED-4DD1-B54C-E4DBE6F4BA85}.Release|x64.Build.0 = Release|Any CPU
		{B3C8E169-11ED-4DD1-B54C-E4DBE6F4BA85}.Release|x86.ActiveCfg = Release|Any CPU
		{B3C8E169-11ED-4DD1-B54C-E4DBE6F4BA85}.Release|x86.Build.0 = Release|Any CPU
		{9A6FFFA1-BE41-48CB-B87B-452F57091B70}.Debug|Any CPU.ActiveCfg = Debug|Any CPU
		{9A6FFFA1-BE41-48CB-B87B-452F57091B70}.Debug|Any CPU.Build.0 = Debug|Any CPU
		{9A6FFFA1-BE41-48CB-B87B-452F57091B70}.Debug|ARM.ActiveCfg = Debug|Any CPU
		{9A6FFFA1-BE41-48CB-B87B-452F57091B70}.Debug|ARM.Build.0 = Debug|Any CPU
		{9A6FFFA1-BE41-48CB-B87B-452F57091B70}.Debug|x64.ActiveCfg = Debug|Any CPU
		{9A6FFFA1-BE41-48CB-B87B-452F57091B70}.Debug|x64.Build.0 = Debug|Any CPU
		{9A6FFFA1-BE41-48CB-B87B-452F57091B70}.Debug|x86.ActiveCfg = Debug|Any CPU
		{9A6FFFA1-BE41-48CB-B87B-452F57091B70}.Debug|x86.Build.0 = Debug|Any CPU
		{9A6FFFA1-BE41-48CB-B87B-452F57091B70}.Release|Any CPU.ActiveCfg = Release|Any CPU
		{9A6FFFA1-BE41-48CB-B87B-452F57091B70}.Release|Any CPU.Build.0 = Release|Any CPU
		{9A6FFFA1-BE41-48CB-B87B-452F57091B70}.Release|ARM.ActiveCfg = Release|Any CPU
		{9A6FFFA1-BE41-48CB-B87B-452F57091B70}.Release|ARM.Build.0 = Release|Any CPU
		{9A6FFFA1-BE41-48CB-B87B-452F57091B70}.Release|x64.ActiveCfg = Release|Any CPU
		{9A6FFFA1-BE41-48CB-B87B-452F57091B70}.Release|x64.Build.0 = Release|Any CPU
		{9A6FFFA1-BE41-48CB-B87B-452F57091B70}.Release|x86.ActiveCfg = Release|Any CPU
		{9A6FFFA1-BE41-48CB-B87B-452F57091B70}.Release|x86.Build.0 = Release|Any CPU
		{47859FDC-CBE1-4E7A-9992-D0FDC6897E56}.Debug|Any CPU.ActiveCfg = Debug|Any CPU
		{47859FDC-CBE1-4E7A-9992-D0FDC6897E56}.Debug|Any CPU.Build.0 = Debug|Any CPU
		{47859FDC-CBE1-4E7A-9992-D0FDC6897E56}.Debug|ARM.ActiveCfg = Debug|Any CPU
		{47859FDC-CBE1-4E7A-9992-D0FDC6897E56}.Debug|ARM.Build.0 = Debug|Any CPU
		{47859FDC-CBE1-4E7A-9992-D0FDC6897E56}.Debug|x64.ActiveCfg = Debug|Any CPU
		{47859FDC-CBE1-4E7A-9992-D0FDC6897E56}.Debug|x64.Build.0 = Debug|Any CPU
		{47859FDC-CBE1-4E7A-9992-D0FDC6897E56}.Debug|x86.ActiveCfg = Debug|Any CPU
		{47859FDC-CBE1-4E7A-9992-D0FDC6897E56}.Debug|x86.Build.0 = Debug|Any CPU
		{47859FDC-CBE1-4E7A-9992-D0FDC6897E56}.Release|Any CPU.ActiveCfg = Release|Any CPU
		{47859FDC-CBE1-4E7A-9992-D0FDC6897E56}.Release|Any CPU.Build.0 = Release|Any CPU
		{47859FDC-CBE1-4E7A-9992-D0FDC6897E56}.Release|ARM.ActiveCfg = Release|Any CPU
		{47859FDC-CBE1-4E7A-9992-D0FDC6897E56}.Release|ARM.Build.0 = Release|Any CPU
		{47859FDC-CBE1-4E7A-9992-D0FDC6897E56}.Release|x64.ActiveCfg = Release|Any CPU
		{47859FDC-CBE1-4E7A-9992-D0FDC6897E56}.Release|x64.Build.0 = Release|Any CPU
		{47859FDC-CBE1-4E7A-9992-D0FDC6897E56}.Release|x86.ActiveCfg = Release|Any CPU
		{47859FDC-CBE1-4E7A-9992-D0FDC6897E56}.Release|x86.Build.0 = Release|Any CPU
		{42C5EE74-FDC4-4BC6-B47F-135B9DA88A44}.Debug|Any CPU.ActiveCfg = Debug|Any CPU
		{42C5EE74-FDC4-4BC6-B47F-135B9DA88A44}.Debug|Any CPU.Build.0 = Debug|Any CPU
		{42C5EE74-FDC4-4BC6-B47F-135B9DA88A44}.Debug|ARM.ActiveCfg = Debug|Any CPU
		{42C5EE74-FDC4-4BC6-B47F-135B9DA88A44}.Debug|ARM.Build.0 = Debug|Any CPU
		{42C5EE74-FDC4-4BC6-B47F-135B9DA88A44}.Debug|x64.ActiveCfg = Debug|Any CPU
		{42C5EE74-FDC4-4BC6-B47F-135B9DA88A44}.Debug|x64.Build.0 = Debug|Any CPU
		{42C5EE74-FDC4-4BC6-B47F-135B9DA88A44}.Debug|x86.ActiveCfg = Debug|Any CPU
		{42C5EE74-FDC4-4BC6-B47F-135B9DA88A44}.Debug|x86.Build.0 = Debug|Any CPU
		{42C5EE74-FDC4-4BC6-B47F-135B9DA88A44}.Release|Any CPU.ActiveCfg = Release|Any CPU
		{42C5EE74-FDC4-4BC6-B47F-135B9DA88A44}.Release|Any CPU.Build.0 = Release|Any CPU
		{42C5EE74-FDC4-4BC6-B47F-135B9DA88A44}.Release|ARM.ActiveCfg = Release|Any CPU
		{42C5EE74-FDC4-4BC6-B47F-135B9DA88A44}.Release|ARM.Build.0 = Release|Any CPU
		{42C5EE74-FDC4-4BC6-B47F-135B9DA88A44}.Release|x64.ActiveCfg = Release|Any CPU
		{42C5EE74-FDC4-4BC6-B47F-135B9DA88A44}.Release|x64.Build.0 = Release|Any CPU
		{42C5EE74-FDC4-4BC6-B47F-135B9DA88A44}.Release|x86.ActiveCfg = Release|Any CPU
		{42C5EE74-FDC4-4BC6-B47F-135B9DA88A44}.Release|x86.Build.0 = Release|Any CPU
		{3FFBD476-ACCF-4451-BEDC-67E3AE1C1D40}.Debug|Any CPU.ActiveCfg = Debug|Any CPU
		{3FFBD476-ACCF-4451-BEDC-67E3AE1C1D40}.Debug|Any CPU.Build.0 = Debug|Any CPU
		{3FFBD476-ACCF-4451-BEDC-67E3AE1C1D40}.Debug|ARM.ActiveCfg = Debug|Any CPU
		{3FFBD476-ACCF-4451-BEDC-67E3AE1C1D40}.Debug|ARM.Build.0 = Debug|Any CPU
		{3FFBD476-ACCF-4451-BEDC-67E3AE1C1D40}.Debug|x64.ActiveCfg = Debug|Any CPU
		{3FFBD476-ACCF-4451-BEDC-67E3AE1C1D40}.Debug|x64.Build.0 = Debug|Any CPU
		{3FFBD476-ACCF-4451-BEDC-67E3AE1C1D40}.Debug|x86.ActiveCfg = Debug|Any CPU
		{3FFBD476-ACCF-4451-BEDC-67E3AE1C1D40}.Debug|x86.Build.0 = Debug|Any CPU
		{3FFBD476-ACCF-4451-BEDC-67E3AE1C1D40}.Release|Any CPU.ActiveCfg = Release|Any CPU
		{3FFBD476-ACCF-4451-BEDC-67E3AE1C1D40}.Release|Any CPU.Build.0 = Release|Any CPU
		{3FFBD476-ACCF-4451-BEDC-67E3AE1C1D40}.Release|ARM.ActiveCfg = Release|Any CPU
		{3FFBD476-ACCF-4451-BEDC-67E3AE1C1D40}.Release|ARM.Build.0 = Release|Any CPU
		{3FFBD476-ACCF-4451-BEDC-67E3AE1C1D40}.Release|x64.ActiveCfg = Release|Any CPU
		{3FFBD476-ACCF-4451-BEDC-67E3AE1C1D40}.Release|x64.Build.0 = Release|Any CPU
		{3FFBD476-ACCF-4451-BEDC-67E3AE1C1D40}.Release|x86.ActiveCfg = Release|Any CPU
		{3FFBD476-ACCF-4451-BEDC-67E3AE1C1D40}.Release|x86.Build.0 = Release|Any CPU
		{DB898CC7-10F0-46D0-BC1B-F76FD71496D5}.Debug|Any CPU.ActiveCfg = Debug|Any CPU
		{DB898CC7-10F0-46D0-BC1B-F76FD71496D5}.Debug|Any CPU.Build.0 = Debug|Any CPU
		{DB898CC7-10F0-46D0-BC1B-F76FD71496D5}.Debug|ARM.ActiveCfg = Debug|ARM
		{DB898CC7-10F0-46D0-BC1B-F76FD71496D5}.Debug|ARM.Build.0 = Debug|ARM
		{DB898CC7-10F0-46D0-BC1B-F76FD71496D5}.Debug|x64.ActiveCfg = Debug|x64
		{DB898CC7-10F0-46D0-BC1B-F76FD71496D5}.Debug|x64.Build.0 = Debug|x64
		{DB898CC7-10F0-46D0-BC1B-F76FD71496D5}.Debug|x86.ActiveCfg = Debug|x86
		{DB898CC7-10F0-46D0-BC1B-F76FD71496D5}.Debug|x86.Build.0 = Debug|x86
		{DB898CC7-10F0-46D0-BC1B-F76FD71496D5}.Release|Any CPU.ActiveCfg = Release|Any CPU
		{DB898CC7-10F0-46D0-BC1B-F76FD71496D5}.Release|Any CPU.Build.0 = Release|Any CPU
		{DB898CC7-10F0-46D0-BC1B-F76FD71496D5}.Release|ARM.ActiveCfg = Release|ARM
		{DB898CC7-10F0-46D0-BC1B-F76FD71496D5}.Release|ARM.Build.0 = Release|ARM
		{DB898CC7-10F0-46D0-BC1B-F76FD71496D5}.Release|x64.ActiveCfg = Release|x64
		{DB898CC7-10F0-46D0-BC1B-F76FD71496D5}.Release|x64.Build.0 = Release|x64
		{DB898CC7-10F0-46D0-BC1B-F76FD71496D5}.Release|x86.ActiveCfg = Release|x86
		{DB898CC7-10F0-46D0-BC1B-F76FD71496D5}.Release|x86.Build.0 = Release|x86
		{5EB96286-FDB5-478B-87F8-E5BF3819E17C}.Debug|Any CPU.ActiveCfg = Debug|x86
		{5EB96286-FDB5-478B-87F8-E5BF3819E17C}.Debug|ARM.ActiveCfg = Debug|ARM
		{5EB96286-FDB5-478B-87F8-E5BF3819E17C}.Debug|ARM.Build.0 = Debug|ARM
		{5EB96286-FDB5-478B-87F8-E5BF3819E17C}.Debug|ARM.Deploy.0 = Debug|ARM
		{5EB96286-FDB5-478B-87F8-E5BF3819E17C}.Debug|x64.ActiveCfg = Debug|x64
		{5EB96286-FDB5-478B-87F8-E5BF3819E17C}.Debug|x64.Build.0 = Debug|x64
		{5EB96286-FDB5-478B-87F8-E5BF3819E17C}.Debug|x64.Deploy.0 = Debug|x64
		{5EB96286-FDB5-478B-87F8-E5BF3819E17C}.Debug|x86.ActiveCfg = Debug|x86
		{5EB96286-FDB5-478B-87F8-E5BF3819E17C}.Debug|x86.Build.0 = Debug|x86
		{5EB96286-FDB5-478B-87F8-E5BF3819E17C}.Debug|x86.Deploy.0 = Debug|x86
		{5EB96286-FDB5-478B-87F8-E5BF3819E17C}.Release|Any CPU.ActiveCfg = Release|x86
		{5EB96286-FDB5-478B-87F8-E5BF3819E17C}.Release|ARM.ActiveCfg = Release|ARM
		{5EB96286-FDB5-478B-87F8-E5BF3819E17C}.Release|ARM.Build.0 = Release|ARM
		{5EB96286-FDB5-478B-87F8-E5BF3819E17C}.Release|ARM.Deploy.0 = Release|ARM
		{5EB96286-FDB5-478B-87F8-E5BF3819E17C}.Release|x64.ActiveCfg = Release|x64
		{5EB96286-FDB5-478B-87F8-E5BF3819E17C}.Release|x64.Build.0 = Release|x64
		{5EB96286-FDB5-478B-87F8-E5BF3819E17C}.Release|x64.Deploy.0 = Release|x64
		{5EB96286-FDB5-478B-87F8-E5BF3819E17C}.Release|x86.ActiveCfg = Release|x86
		{5EB96286-FDB5-478B-87F8-E5BF3819E17C}.Release|x86.Build.0 = Release|x86
		{5EB96286-FDB5-478B-87F8-E5BF3819E17C}.Release|x86.Deploy.0 = Release|x86
		{A4E34120-84FE-450E-A2B1-7C5F0C575735}.Debug|Any CPU.ActiveCfg = Debug|Any CPU
		{A4E34120-84FE-450E-A2B1-7C5F0C575735}.Debug|Any CPU.Build.0 = Debug|Any CPU
		{A4E34120-84FE-450E-A2B1-7C5F0C575735}.Debug|ARM.ActiveCfg = Debug|Any CPU
		{A4E34120-84FE-450E-A2B1-7C5F0C575735}.Debug|ARM.Build.0 = Debug|Any CPU
		{A4E34120-84FE-450E-A2B1-7C5F0C575735}.Debug|x64.ActiveCfg = Debug|Any CPU
		{A4E34120-84FE-450E-A2B1-7C5F0C575735}.Debug|x64.Build.0 = Debug|Any CPU
		{A4E34120-84FE-450E-A2B1-7C5F0C575735}.Debug|x86.ActiveCfg = Debug|Any CPU
		{A4E34120-84FE-450E-A2B1-7C5F0C575735}.Debug|x86.Build.0 = Debug|Any CPU
		{A4E34120-84FE-450E-A2B1-7C5F0C575735}.Release|Any CPU.ActiveCfg = Release|Any CPU
		{A4E34120-84FE-450E-A2B1-7C5F0C575735}.Release|Any CPU.Build.0 = Release|Any CPU
		{A4E34120-84FE-450E-A2B1-7C5F0C575735}.Release|ARM.ActiveCfg = Release|Any CPU
		{A4E34120-84FE-450E-A2B1-7C5F0C575735}.Release|ARM.Build.0 = Release|Any CPU
		{A4E34120-84FE-450E-A2B1-7C5F0C575735}.Release|x64.ActiveCfg = Release|Any CPU
		{A4E34120-84FE-450E-A2B1-7C5F0C575735}.Release|x64.Build.0 = Release|Any CPU
		{A4E34120-84FE-450E-A2B1-7C5F0C575735}.Release|x86.ActiveCfg = Release|Any CPU
		{A4E34120-84FE-450E-A2B1-7C5F0C575735}.Release|x86.Build.0 = Release|Any CPU
		{76530071-3AD3-4837-B681-B4A7DDD5613C}.Debug|Any CPU.ActiveCfg = Debug|Any CPU
		{76530071-3AD3-4837-B681-B4A7DDD5613C}.Debug|Any CPU.Build.0 = Debug|Any CPU
		{76530071-3AD3-4837-B681-B4A7DDD5613C}.Debug|ARM.ActiveCfg = Debug|Any CPU
		{76530071-3AD3-4837-B681-B4A7DDD5613C}.Debug|ARM.Build.0 = Debug|Any CPU
		{76530071-3AD3-4837-B681-B4A7DDD5613C}.Debug|x64.ActiveCfg = Debug|Any CPU
		{76530071-3AD3-4837-B681-B4A7DDD5613C}.Debug|x64.Build.0 = Debug|Any CPU
		{76530071-3AD3-4837-B681-B4A7DDD5613C}.Debug|x86.ActiveCfg = Debug|Any CPU
		{76530071-3AD3-4837-B681-B4A7DDD5613C}.Debug|x86.Build.0 = Debug|Any CPU
		{76530071-3AD3-4837-B681-B4A7DDD5613C}.Release|Any CPU.ActiveCfg = Release|Any CPU
		{76530071-3AD3-4837-B681-B4A7DDD5613C}.Release|Any CPU.Build.0 = Release|Any CPU
		{76530071-3AD3-4837-B681-B4A7DDD5613C}.Release|ARM.ActiveCfg = Release|Any CPU
		{76530071-3AD3-4837-B681-B4A7DDD5613C}.Release|ARM.Build.0 = Release|Any CPU
		{76530071-3AD3-4837-B681-B4A7DDD5613C}.Release|x64.ActiveCfg = Release|Any CPU
		{76530071-3AD3-4837-B681-B4A7DDD5613C}.Release|x64.Build.0 = Release|Any CPU
		{76530071-3AD3-4837-B681-B4A7DDD5613C}.Release|x86.ActiveCfg = Release|Any CPU
		{76530071-3AD3-4837-B681-B4A7DDD5613C}.Release|x86.Build.0 = Release|Any CPU
	EndGlobalSection
	GlobalSection(SolutionProperties) = preSolution
		HideSolutionNode = FALSE
	EndGlobalSection
	GlobalSection(NestedProjects) = preSolution
		{998F759E-7BD8-46D1-B794-74DA571AA386} = {811F7B63-ED0D-4768-8863-CA5725C74F1B}
		{B3C8E169-11ED-4DD1-B54C-E4DBE6F4BA85} = {C0D27D24-E08B-4F48-9797-5CA5257D5FAD}
		{9A6FFFA1-BE41-48CB-B87B-452F57091B70} = {811F7B63-ED0D-4768-8863-CA5725C74F1B}
		{47859FDC-CBE1-4E7A-9992-D0FDC6897E56} = {DD10468D-CB50-4877-B7E6-B2911543FD5A}
		{42C5EE74-FDC4-4BC6-B47F-135B9DA88A44} = {811F7B63-ED0D-4768-8863-CA5725C74F1B}
		{3FFBD476-ACCF-4451-BEDC-67E3AE1C1D40} = {811F7B63-ED0D-4768-8863-CA5725C74F1B}
		{DB898CC7-10F0-46D0-BC1B-F76FD71496D5} = {1B0BCE1B-C768-4CA4-8C8A-99BFC0846610}
		{5EB96286-FDB5-478B-87F8-E5BF3819E17C} = {1B0BCE1B-C768-4CA4-8C8A-99BFC0846610}
		{A4E34120-84FE-450E-A2B1-7C5F0C575735} = {C0D27D24-E08B-4F48-9797-5CA5257D5FAD}
		{76530071-3AD3-4837-B681-B4A7DDD5613C} = {DD10468D-CB50-4877-B7E6-B2911543FD5A}
	EndGlobalSection
EndGlobal
