
Microsoft Visual Studio Solution File, Format Version 12.00
# Visual Studio 15
VisualStudioVersion = 15.0.26430.12
MinimumVisualStudioVersion = 10.0.40219.1
Project("{FAE04EC0-301F-11D3-BF4B-00C04F79EFBC}") = "Roommate.Background.ConsoleHost", "Roommate.Background.ConsoleHost\Roommate.Background.ConsoleHost.csproj", "{998F759E-7BD8-46D1-B794-74DA571AA386}"
EndProject
Project("{2150E333-8FDC-42A3-9474-1A3956D46DE8}") = "IoT", "IoT", "{1B0BCE1B-C768-4CA4-8C8A-99BFC0846610}"
EndProject
Project("{2150E333-8FDC-42A3-9474-1A3956D46DE8}") = "Server", "Server", "{811F7B63-ED0D-4768-8863-CA5725C74F1B}"
EndProject
Project("{FAE04EC0-301F-11D3-BF4B-00C04F79EFBC}") = "Roommate.IoT", "Roommate.IoT\Roommate.IoT.csproj", "{C6525D77-B6F5-4EE5-8F9F-8F53BAE5E4A9}"
EndProject
Project("{FAE04EC0-301F-11D3-BF4B-00C04F79EFBC}") = "Roommate.IoT.Business", "Roommate.IoT.Business\Roommate.IoT.Business.csproj", "{E4BBD8E0-A312-4F60-995E-6742C0822583}"
EndProject
Project("{2150E333-8FDC-42A3-9474-1A3956D46DE8}") = "Tests", "Tests", "{C0D27D24-E08B-4F48-9797-5CA5257D5FAD}"
EndProject
Project("{FAE04EC0-301F-11D3-BF4B-00C04F79EFBC}") = "Roommate.Outlook.Business.Test", "Roommate.Outlook.Business.Test\Roommate.Outlook.Business.Test.csproj", "{B3C8E169-11ED-4DD1-B54C-E4DBE6F4BA85}"
EndProject
Project("{FAE04EC0-301F-11D3-BF4B-00C04F79EFBC}") = "Roommate.Business", "Roommate.Business\Roommate.Business.csproj", "{9A6FFFA1-BE41-48CB-B87B-452F57091B70}"
EndProject
Project("{FAE04EC0-301F-11D3-BF4B-00C04F79EFBC}") = "Roommate.Outlook.Business", "Roommate.Outlook.Business\Roommate.Outlook.Business.csproj", "{47859FDC-CBE1-4E7A-9992-D0FDC6897E56}"
EndProject
Global
	GlobalSection(SolutionConfigurationPlatforms) = preSolution
		Debug|Any CPU = Debug|Any CPU
		Debug|ARM = Debug|ARM
		Debug|x64 = Debug|x64
		Debug|x86 = Debug|x86
		Release|Any CPU = Release|Any CPU
		Release|ARM = Release|ARM
		Release|x64 = Release|x64
		Release|x86 = Release|x86
	EndGlobalSection
	GlobalSection(ProjectConfigurationPlatforms) = postSolution
		{998F759E-7BD8-46D1-B794-74DA571AA386}.Debug|Any CPU.ActiveCfg = Debug|Any CPU
		{998F759E-7BD8-46D1-B794-74DA571AA386}.Debug|Any CPU.Build.0 = Debug|Any CPU
		{998F759E-7BD8-46D1-B794-74DA571AA386}.Debug|ARM.ActiveCfg = Debug|Any CPU
		{998F759E-7BD8-46D1-B794-74DA571AA386}.Debug|ARM.Build.0 = Debug|Any CPU
		{998F759E-7BD8-46D1-B794-74DA571AA386}.Debug|x64.ActiveCfg = Debug|Any CPU
		{998F759E-7BD8-46D1-B794-74DA571AA386}.Debug|x64.Build.0 = Debug|Any CPU
		{998F759E-7BD8-46D1-B794-74DA571AA386}.Debug|x86.ActiveCfg = Debug|Any CPU
		{998F759E-7BD8-46D1-B794-74DA571AA386}.Debug|x86.Build.0 = Debug|Any CPU
		{998F759E-7BD8-46D1-B794-74DA571AA386}.Release|Any CPU.ActiveCfg = Release|Any CPU
		{998F759E-7BD8-46D1-B794-74DA571AA386}.Release|Any CPU.Build.0 = Release|Any CPU
		{998F759E-7BD8-46D1-B794-74DA571AA386}.Release|ARM.ActiveCfg = Release|Any CPU
		{998F759E-7BD8-46D1-B794-74DA571AA386}.Release|ARM.Build.0 = Release|Any CPU
		{998F759E-7BD8-46D1-B794-74DA571AA386}.Release|x64.ActiveCfg = Release|Any CPU
		{998F759E-7BD8-46D1-B794-74DA571AA386}.Release|x64.Build.0 = Release|Any CPU
		{998F759E-7BD8-46D1-B794-74DA571AA386}.Release|x86.ActiveCfg = Release|Any CPU
		{998F759E-7BD8-46D1-B794-74DA571AA386}.Release|x86.Build.0 = Release|Any CPU
		{C6525D77-B6F5-4EE5-8F9F-8F53BAE5E4A9}.Debug|Any CPU.ActiveCfg = Debug|x86
		{C6525D77-B6F5-4EE5-8F9F-8F53BAE5E4A9}.Debug|ARM.ActiveCfg = Debug|ARM
		{C6525D77-B6F5-4EE5-8F9F-8F53BAE5E4A9}.Debug|ARM.Build.0 = Debug|ARM
		{C6525D77-B6F5-4EE5-8F9F-8F53BAE5E4A9}.Debug|ARM.Deploy.0 = Debug|ARM
		{C6525D77-B6F5-4EE5-8F9F-8F53BAE5E4A9}.Debug|x64.ActiveCfg = Debug|x64
		{C6525D77-B6F5-4EE5-8F9F-8F53BAE5E4A9}.Debug|x64.Build.0 = Debug|x64
		{C6525D77-B6F5-4EE5-8F9F-8F53BAE5E4A9}.Debug|x64.Deploy.0 = Debug|x64
		{C6525D77-B6F5-4EE5-8F9F-8F53BAE5E4A9}.Debug|x86.ActiveCfg = Debug|x86
		{C6525D77-B6F5-4EE5-8F9F-8F53BAE5E4A9}.Debug|x86.Build.0 = Debug|x86
		{C6525D77-B6F5-4EE5-8F9F-8F53BAE5E4A9}.Debug|x86.Deploy.0 = Debug|x86
		{C6525D77-B6F5-4EE5-8F9F-8F53BAE5E4A9}.Release|Any CPU.ActiveCfg = Release|x86
		{C6525D77-B6F5-4EE5-8F9F-8F53BAE5E4A9}.Release|ARM.ActiveCfg = Release|ARM
		{C6525D77-B6F5-4EE5-8F9F-8F53BAE5E4A9}.Release|ARM.Build.0 = Release|ARM
		{C6525D77-B6F5-4EE5-8F9F-8F53BAE5E4A9}.Release|ARM.Deploy.0 = Release|ARM
		{C6525D77-B6F5-4EE5-8F9F-8F53BAE5E4A9}.Release|x64.ActiveCfg = Release|x64
		{C6525D77-B6F5-4EE5-8F9F-8F53BAE5E4A9}.Release|x64.Build.0 = Release|x64
		{C6525D77-B6F5-4EE5-8F9F-8F53BAE5E4A9}.Release|x64.Deploy.0 = Release|x64
		{C6525D77-B6F5-4EE5-8F9F-8F53BAE5E4A9}.Release|x86.ActiveCfg = Release|x86
		{C6525D77-B6F5-4EE5-8F9F-8F53BAE5E4A9}.Release|x86.Build.0 = Release|x86
		{C6525D77-B6F5-4EE5-8F9F-8F53BAE5E4A9}.Release|x86.Deploy.0 = Release|x86
		{E4BBD8E0-A312-4F60-995E-6742C0822583}.Debug|Any CPU.ActiveCfg = Debug|Any CPU
		{E4BBD8E0-A312-4F60-995E-6742C0822583}.Debug|Any CPU.Build.0 = Debug|Any CPU
		{E4BBD8E0-A312-4F60-995E-6742C0822583}.Debug|ARM.ActiveCfg = Debug|ARM
		{E4BBD8E0-A312-4F60-995E-6742C0822583}.Debug|ARM.Build.0 = Debug|ARM
		{E4BBD8E0-A312-4F60-995E-6742C0822583}.Debug|x64.ActiveCfg = Debug|x64
		{E4BBD8E0-A312-4F60-995E-6742C0822583}.Debug|x64.Build.0 = Debug|x64
		{E4BBD8E0-A312-4F60-995E-6742C0822583}.Debug|x86.ActiveCfg = Debug|x86
		{E4BBD8E0-A312-4F60-995E-6742C0822583}.Debug|x86.Build.0 = Debug|x86
		{E4BBD8E0-A312-4F60-995E-6742C0822583}.Release|Any CPU.ActiveCfg = Release|Any CPU
		{E4BBD8E0-A312-4F60-995E-6742C0822583}.Release|Any CPU.Build.0 = Release|Any CPU
		{E4BBD8E0-A312-4F60-995E-6742C0822583}.Release|ARM.ActiveCfg = Release|ARM
		{E4BBD8E0-A312-4F60-995E-6742C0822583}.Release|ARM.Build.0 = Release|ARM
		{E4BBD8E0-A312-4F60-995E-6742C0822583}.Release|x64.ActiveCfg = Release|x64
		{E4BBD8E0-A312-4F60-995E-6742C0822583}.Release|x64.Build.0 = Release|x64
		{E4BBD8E0-A312-4F60-995E-6742C0822583}.Release|x86.ActiveCfg = Release|x86
		{E4BBD8E0-A312-4F60-995E-6742C0822583}.Release|x86.Build.0 = Release|x86
		{B3C8E169-11ED-4DD1-B54C-E4DBE6F4BA85}.Debug|Any CPU.ActiveCfg = Debug|Any CPU
		{B3C8E169-11ED-4DD1-B54C-E4DBE6F4BA85}.Debug|Any CPU.Build.0 = Debug|Any CPU
		{B3C8E169-11ED-4DD1-B54C-E4DBE6F4BA85}.Debug|ARM.ActiveCfg = Debug|Any CPU
		{B3C8E169-11ED-4DD1-B54C-E4DBE6F4BA85}.Debug|ARM.Build.0 = Debug|Any CPU
		{B3C8E169-11ED-4DD1-B54C-E4DBE6F4BA85}.Debug|x64.ActiveCfg = Debug|Any CPU
		{B3C8E169-11ED-4DD1-B54C-E4DBE6F4BA85}.Debug|x64.Build.0 = Debug|Any CPU
		{B3C8E169-11ED-4DD1-B54C-E4DBE6F4BA85}.Debug|x86.ActiveCfg = Debug|Any CPU
		{B3C8E169-11ED-4DD1-B54C-E4DBE6F4BA85}.Debug|x86.Build.0 = Debug|Any CPU
		{B3C8E169-11ED-4DD1-B54C-E4DBE6F4BA85}.Release|Any CPU.ActiveCfg = Release|Any CPU
		{B3C8E169-11ED-4DD1-B54C-E4DBE6F4BA85}.Release|Any CPU.Build.0 = Release|Any CPU
		{B3C8E169-11ED-4DD1-B54C-E4DBE6F4BA85}.Release|ARM.ActiveCfg = Release|Any CPU
		{B3C8E169-11ED-4DD1-B54C-E4DBE6F4BA85}.Release|ARM.Build.0 = Release|Any CPU
		{B3C8E169-11ED-4DD1-B54C-E4DBE6F4BA85}.Release|x64.ActiveCfg = Release|Any CPU
		{B3C8E169-11ED-4DD1-B54C-E4DBE6F4BA85}.Release|x64.Build.0 = Release|Any CPU
		{B3C8E169-11ED-4DD1-B54C-E4DBE6F4BA85}.Release|x86.ActiveCfg = Release|Any CPU
		{B3C8E169-11ED-4DD1-B54C-E4DBE6F4BA85}.Release|x86.Build.0 = Release|Any CPU
		{9A6FFFA1-BE41-48CB-B87B-452F57091B70}.Debug|Any CPU.ActiveCfg = Debug|Any CPU
		{9A6FFFA1-BE41-48CB-B87B-452F57091B70}.Debug|Any CPU.Build.0 = Debug|Any CPU
		{9A6FFFA1-BE41-48CB-B87B-452F57091B70}.Debug|ARM.ActiveCfg = Debug|Any CPU
		{9A6FFFA1-BE41-48CB-B87B-452F57091B70}.Debug|ARM.Build.0 = Debug|Any CPU
		{9A6FFFA1-BE41-48CB-B87B-452F57091B70}.Debug|x64.ActiveCfg = Debug|Any CPU
		{9A6FFFA1-BE41-48CB-B87B-452F57091B70}.Debug|x64.Build.0 = Debug|Any CPU
		{9A6FFFA1-BE41-48CB-B87B-452F57091B70}.Debug|x86.ActiveCfg = Debug|Any CPU
		{9A6FFFA1-BE41-48CB-B87B-452F57091B70}.Debug|x86.Build.0 = Debug|Any CPU
		{9A6FFFA1-BE41-48CB-B87B-452F57091B70}.Release|Any CPU.ActiveCfg = Release|Any CPU
		{9A6FFFA1-BE41-48CB-B87B-452F57091B70}.Release|Any CPU.Build.0 = Release|Any CPU
		{9A6FFFA1-BE41-48CB-B87B-452F57091B70}.Release|ARM.ActiveCfg = Release|Any CPU
		{9A6FFFA1-BE41-48CB-B87B-452F57091B70}.Release|ARM.Build.0 = Release|Any CPU
		{9A6FFFA1-BE41-48CB-B87B-452F57091B70}.Release|x64.ActiveCfg = Release|Any CPU
		{9A6FFFA1-BE41-48CB-B87B-452F57091B70}.Release|x64.Build.0 = Release|Any CPU
		{9A6FFFA1-BE41-48CB-B87B-452F57091B70}.Release|x86.ActiveCfg = Release|Any CPU
		{9A6FFFA1-BE41-48CB-B87B-452F57091B70}.Release|x86.Build.0 = Release|Any CPU
		{47859FDC-CBE1-4E7A-9992-D0FDC6897E56}.Debug|Any CPU.ActiveCfg = Debug|Any CPU
		{47859FDC-CBE1-4E7A-9992-D0FDC6897E56}.Debug|Any CPU.Build.0 = Debug|Any CPU
		{47859FDC-CBE1-4E7A-9992-D0FDC6897E56}.Debug|ARM.ActiveCfg = Debug|Any CPU
		{47859FDC-CBE1-4E7A-9992-D0FDC6897E56}.Debug|ARM.Build.0 = Debug|Any CPU
		{47859FDC-CBE1-4E7A-9992-D0FDC6897E56}.Debug|x64.ActiveCfg = Debug|Any CPU
		{47859FDC-CBE1-4E7A-9992-D0FDC6897E56}.Debug|x64.Build.0 = Debug|Any CPU
		{47859FDC-CBE1-4E7A-9992-D0FDC6897E56}.Debug|x86.ActiveCfg = Debug|Any CPU
		{47859FDC-CBE1-4E7A-9992-D0FDC6897E56}.Debug|x86.Build.0 = Debug|Any CPU
		{47859FDC-CBE1-4E7A-9992-D0FDC6897E56}.Release|Any CPU.ActiveCfg = Release|Any CPU
		{47859FDC-CBE1-4E7A-9992-D0FDC6897E56}.Release|Any CPU.Build.0 = Release|Any CPU
		{47859FDC-CBE1-4E7A-9992-D0FDC6897E56}.Release|ARM.ActiveCfg = Release|Any CPU
		{47859FDC-CBE1-4E7A-9992-D0FDC6897E56}.Release|ARM.Build.0 = Release|Any CPU
		{47859FDC-CBE1-4E7A-9992-D0FDC6897E56}.Release|x64.ActiveCfg = Release|Any CPU
		{47859FDC-CBE1-4E7A-9992-D0FDC6897E56}.Release|x64.Build.0 = Release|Any CPU
		{47859FDC-CBE1-4E7A-9992-D0FDC6897E56}.Release|x86.ActiveCfg = Release|Any CPU
		{47859FDC-CBE1-4E7A-9992-D0FDC6897E56}.Release|x86.Build.0 = Release|Any CPU
	EndGlobalSection
	GlobalSection(SolutionProperties) = preSolution
		HideSolutionNode = FALSE
	EndGlobalSection
	GlobalSection(NestedProjects) = preSolution
		{998F759E-7BD8-46D1-B794-74DA571AA386} = {811F7B63-ED0D-4768-8863-CA5725C74F1B}
		{C6525D77-B6F5-4EE5-8F9F-8F53BAE5E4A9} = {1B0BCE1B-C768-4CA4-8C8A-99BFC0846610}
		{E4BBD8E0-A312-4F60-995E-6742C0822583} = {1B0BCE1B-C768-4CA4-8C8A-99BFC0846610}
		{B3C8E169-11ED-4DD1-B54C-E4DBE6F4BA85} = {C0D27D24-E08B-4F48-9797-5CA5257D5FAD}
		{9A6FFFA1-BE41-48CB-B87B-452F57091B70} = {811F7B63-ED0D-4768-8863-CA5725C74F1B}
		{47859FDC-CBE1-4E7A-9992-D0FDC6897E56} = {811F7B63-ED0D-4768-8863-CA5725C74F1B}
	EndGlobalSection
EndGlobal
